// !$*UTF8*$!
{
	archiveVersion = 1;
	classes = {
	};
	objectVersion = 48;
	objects = {

/* Begin PBXBuildFile section */
		8BE9EFADC9931D62639B2998 /* Pods_Startup_WeekendTests.framework in Frameworks */ = {isa = PBXBuildFile; fileRef = F6321E405BEC11529BD520CA /* Pods_Startup_WeekendTests.framework */; };
		908D1A4216939864A8750E30 /* Pods_Startup_WeekendUITests.framework in Frameworks */ = {isa = PBXBuildFile; fileRef = 0AAE1AB6726C352937140B89 /* Pods_Startup_WeekendUITests.framework */; };
		992286D71F9B7B4400F3C50E /* AppDelegate.swift in Sources */ = {isa = PBXBuildFile; fileRef = 992286D61F9B7B4400F3C50E /* AppDelegate.swift */; };
		992286D91F9B7B4400F3C50E /* ViewController.swift in Sources */ = {isa = PBXBuildFile; fileRef = 992286D81F9B7B4400F3C50E /* ViewController.swift */; };
		992286DC1F9B7B4400F3C50E /* Main.storyboard in Resources */ = {isa = PBXBuildFile; fileRef = 992286DA1F9B7B4400F3C50E /* Main.storyboard */; };
		992286DE1F9B7B4400F3C50E /* Assets.xcassets in Resources */ = {isa = PBXBuildFile; fileRef = 992286DD1F9B7B4400F3C50E /* Assets.xcassets */; };
		992286E11F9B7B4400F3C50E /* LaunchScreen.storyboard in Resources */ = {isa = PBXBuildFile; fileRef = 992286DF1F9B7B4400F3C50E /* LaunchScreen.storyboard */; };
		992286EC1F9B7B4400F3C50E /* Startup_WeekendTests.swift in Sources */ = {isa = PBXBuildFile; fileRef = 992286EB1F9B7B4400F3C50E /* Startup_WeekendTests.swift */; };
		992286F71F9B7B4400F3C50E /* Startup_WeekendUITests.swift in Sources */ = {isa = PBXBuildFile; fileRef = 992286F61F9B7B4400F3C50E /* Startup_WeekendUITests.swift */; };
		9947C1D61FA4D54F00673797 /* History.swift in Sources */ = {isa = PBXBuildFile; fileRef = 9947C1D51FA4D54F00673797 /* History.swift */; };
		996D4DBF1F9E40CD0052CE7D /* Lending.swift in Sources */ = {isa = PBXBuildFile; fileRef = 996D4DBE1F9E40CD0052CE7D /* Lending.swift */; };
		9978209E1F9F905D000A303F /* Next.png in Resources */ = {isa = PBXBuildFile; fileRef = 9978209D1F9F905D000A303F /* Next.png */; };
		99AB4C401F9C20F300365AFA /* three.png in Resources */ = {isa = PBXBuildFile; fileRef = 992287041F9C0CE200F3C50E /* three.png */; };
		99AB4C411F9C20F300365AFA /* Awesome.png in Resources */ = {isa = PBXBuildFile; fileRef = 992287051F9C1BC000F3C50E /* Awesome.png */; };
		99AB4C461F9C2FFB00365AFA /* Blue.png in Resources */ = {isa = PBXBuildFile; fileRef = 99AB4C451F9C2FF500365AFA /* Blue.png */; };
		99AB4C481F9C34E500365AFA /* cloud.png in Resources */ = {isa = PBXBuildFile; fileRef = 99AB4C471F9C34DF00365AFA /* cloud.png */; };
		99AB4C4C1F9CD71200365AFA /* handshake copy.png in Resources */ = {isa = PBXBuildFile; fileRef = 99AB4C4B1F9CD70B00365AFA /* handshake copy.png */; };
		FE59F61B2AD21D6E660DAD0D /* Pods_Startup_Weekend.framework in Frameworks */ = {isa = PBXBuildFile; fileRef = D4AFE151FF738A45CC01A1A8 /* Pods_Startup_Weekend.framework */; };
/* End PBXBuildFile section */

/* Begin PBXContainerItemProxy section */
		992286E81F9B7B4400F3C50E /* PBXContainerItemProxy */ = {
			isa = PBXContainerItemProxy;
			containerPortal = 992286CB1F9B7B4400F3C50E /* Project object */;
			proxyType = 1;
			remoteGlobalIDString = 992286D21F9B7B4400F3C50E;
			remoteInfo = "Startup Weekend";
		};
		992286F31F9B7B4400F3C50E /* PBXContainerItemProxy */ = {
			isa = PBXContainerItemProxy;
			containerPortal = 992286CB1F9B7B4400F3C50E /* Project object */;
			proxyType = 1;
			remoteGlobalIDString = 992286D21F9B7B4400F3C50E;
			remoteInfo = "Startup Weekend";
		};
/* End PBXContainerItemProxy section */

/* Begin PBXFileReference section */
		0AAE1AB6726C352937140B89 /* Pods_Startup_WeekendUITests.framework */ = {isa = PBXFileReference; explicitFileType = wrapper.framework; includeInIndex = 0; path = Pods_Startup_WeekendUITests.framework; sourceTree = BUILT_PRODUCTS_DIR; };
		26B78FA5E4C7A4D772803A5F /* Pods-Startup WeekendTests.debug.xcconfig */ = {isa = PBXFileReference; includeInIndex = 1; lastKnownFileType = text.xcconfig; name = "Pods-Startup WeekendTests.debug.xcconfig"; path = "Pods/Target Support Files/Pods-Startup WeekendTests/Pods-Startup WeekendTests.debug.xcconfig"; sourceTree = "<group>"; };
		74A5AFE18C4043E730EC0C43 /* Pods-Startup WeekendUITests.release.xcconfig */ = {isa = PBXFileReference; includeInIndex = 1; lastKnownFileType = text.xcconfig; name = "Pods-Startup WeekendUITests.release.xcconfig"; path = "Pods/Target Support Files/Pods-Startup WeekendUITests/Pods-Startup WeekendUITests.release.xcconfig"; sourceTree = "<group>"; };
		765B25FC61930F33CBB898A0 /* Pods-Startup WeekendUITests.debug.xcconfig */ = {isa = PBXFileReference; includeInIndex = 1; lastKnownFileType = text.xcconfig; name = "Pods-Startup WeekendUITests.debug.xcconfig"; path = "Pods/Target Support Files/Pods-Startup WeekendUITests/Pods-Startup WeekendUITests.debug.xcconfig"; sourceTree = "<group>"; };
		992286D31F9B7B4400F3C50E /* Startup Weekend.app */ = {isa = PBXFileReference; explicitFileType = wrapper.application; includeInIndex = 0; path = "Startup Weekend.app"; sourceTree = BUILT_PRODUCTS_DIR; };
		992286D61F9B7B4400F3C50E /* AppDelegate.swift */ = {isa = PBXFileReference; lastKnownFileType = sourcecode.swift; path = AppDelegate.swift; sourceTree = "<group>"; };
		992286D81F9B7B4400F3C50E /* ViewController.swift */ = {isa = PBXFileReference; lastKnownFileType = sourcecode.swift; path = ViewController.swift; sourceTree = "<group>"; };
		992286DB1F9B7B4400F3C50E /* Base */ = {isa = PBXFileReference; lastKnownFileType = file.storyboard; name = Base; path = Base.lproj/Main.storyboard; sourceTree = "<group>"; };
		992286DD1F9B7B4400F3C50E /* Assets.xcassets */ = {isa = PBXFileReference; lastKnownFileType = folder.assetcatalog; path = Assets.xcassets; sourceTree = "<group>"; };
		992286E01F9B7B4400F3C50E /* Base */ = {isa = PBXFileReference; lastKnownFileType = file.storyboard; name = Base; path = Base.lproj/LaunchScreen.storyboard; sourceTree = "<group>"; };
		992286E21F9B7B4400F3C50E /* Info.plist */ = {isa = PBXFileReference; lastKnownFileType = text.plist.xml; path = Info.plist; sourceTree = "<group>"; };
		992286E71F9B7B4400F3C50E /* Startup WeekendTests.xctest */ = {isa = PBXFileReference; explicitFileType = wrapper.cfbundle; includeInIndex = 0; path = "Startup WeekendTests.xctest"; sourceTree = BUILT_PRODUCTS_DIR; };
		992286EB1F9B7B4400F3C50E /* Startup_WeekendTests.swift */ = {isa = PBXFileReference; lastKnownFileType = sourcecode.swift; path = Startup_WeekendTests.swift; sourceTree = "<group>"; };
		992286ED1F9B7B4400F3C50E /* Info.plist */ = {isa = PBXFileReference; lastKnownFileType = text.plist.xml; path = Info.plist; sourceTree = "<group>"; };
		992286F21F9B7B4400F3C50E /* Startup WeekendUITests.xctest */ = {isa = PBXFileReference; explicitFileType = wrapper.cfbundle; includeInIndex = 0; path = "Startup WeekendUITests.xctest"; sourceTree = BUILT_PRODUCTS_DIR; };
		992286F61F9B7B4400F3C50E /* Startup_WeekendUITests.swift */ = {isa = PBXFileReference; lastKnownFileType = sourcecode.swift; path = Startup_WeekendUITests.swift; sourceTree = "<group>"; };
		992286F81F9B7B4400F3C50E /* Info.plist */ = {isa = PBXFileReference; lastKnownFileType = text.plist.xml; path = Info.plist; sourceTree = "<group>"; };
		992287041F9C0CE200F3C50E /* three.png */ = {isa = PBXFileReference; lastKnownFileType = image.png; path = three.png; sourceTree = "<group>"; };
		992287051F9C1BC000F3C50E /* Awesome.png */ = {isa = PBXFileReference; lastKnownFileType = image.png; path = Awesome.png; sourceTree = "<group>"; };
		9947C1D51FA4D54F00673797 /* History.swift */ = {isa = PBXFileReference; lastKnownFileType = sourcecode.swift; path = History.swift; sourceTree = "<group>"; };
		996D4DBE1F9E40CD0052CE7D /* Lending.swift */ = {isa = PBXFileReference; lastKnownFileType = sourcecode.swift; path = Lending.swift; sourceTree = "<group>"; };
		9978209D1F9F905D000A303F /* Next.png */ = {isa = PBXFileReference; lastKnownFileType = image.png; path = Next.png; sourceTree = "<group>"; };
		99AB4C451F9C2FF500365AFA /* Blue.png */ = {isa = PBXFileReference; lastKnownFileType = image.png; path = Blue.png; sourceTree = "<group>"; };
		99AB4C471F9C34DF00365AFA /* cloud.png */ = {isa = PBXFileReference; lastKnownFileType = image.png; path = cloud.png; sourceTree = "<group>"; };
		99AB4C4B1F9CD70B00365AFA /* handshake copy.png */ = {isa = PBXFileReference; lastKnownFileType = image.png; path = "handshake copy.png"; sourceTree = "<group>"; };
		D4AFE151FF738A45CC01A1A8 /* Pods_Startup_Weekend.framework */ = {isa = PBXFileReference; explicitFileType = wrapper.framework; includeInIndex = 0; path = Pods_Startup_Weekend.framework; sourceTree = BUILT_PRODUCTS_DIR; };
		D5627B7BC542C26D022C60DB /* Pods-Startup WeekendTests.release.xcconfig */ = {isa = PBXFileReference; includeInIndex = 1; lastKnownFileType = text.xcconfig; name = "Pods-Startup WeekendTests.release.xcconfig"; path = "Pods/Target Support Files/Pods-Startup WeekendTests/Pods-Startup WeekendTests.release.xcconfig"; sourceTree = "<group>"; };
		F6321E405BEC11529BD520CA /* Pods_Startup_WeekendTests.framework */ = {isa = PBXFileReference; explicitFileType = wrapper.framework; includeInIndex = 0; path = Pods_Startup_WeekendTests.framework; sourceTree = BUILT_PRODUCTS_DIR; };
		FD0EDEDAA0F40B752981E039 /* Pods-Startup Weekend.release.xcconfig */ = {isa = PBXFileReference; includeInIndex = 1; lastKnownFileType = text.xcconfig; name = "Pods-Startup Weekend.release.xcconfig"; path = "Pods/Target Support Files/Pods-Startup Weekend/Pods-Startup Weekend.release.xcconfig"; sourceTree = "<group>"; };
		FEDEFBC152E959100535FCCC /* Pods-Startup Weekend.debug.xcconfig */ = {isa = PBXFileReference; includeInIndex = 1; lastKnownFileType = text.xcconfig; name = "Pods-Startup Weekend.debug.xcconfig"; path = "Pods/Target Support Files/Pods-Startup Weekend/Pods-Startup Weekend.debug.xcconfig"; sourceTree = "<group>"; };
/* End PBXFileReference section */

/* Begin PBXFrameworksBuildPhase section */
		992286D01F9B7B4400F3C50E /* Frameworks */ = {
			isa = PBXFrameworksBuildPhase;
			buildActionMask = 2147483647;
			files = (
				FE59F61B2AD21D6E660DAD0D /* Pods_Startup_Weekend.framework in Frameworks */,
			);
			runOnlyForDeploymentPostprocessing = 0;
		};
		992286E41F9B7B4400F3C50E /* Frameworks */ = {
			isa = PBXFrameworksBuildPhase;
			buildActionMask = 2147483647;
			files = (
				8BE9EFADC9931D62639B2998 /* Pods_Startup_WeekendTests.framework in Frameworks */,
			);
			runOnlyForDeploymentPostprocessing = 0;
		};
		992286EF1F9B7B4400F3C50E /* Frameworks */ = {
			isa = PBXFrameworksBuildPhase;
			buildActionMask = 2147483647;
			files = (
				908D1A4216939864A8750E30 /* Pods_Startup_WeekendUITests.framework in Frameworks */,
			);
			runOnlyForDeploymentPostprocessing = 0;
		};
/* End PBXFrameworksBuildPhase section */

/* Begin PBXGroup section */
		37CF6A4500687832A06F3755 /* Pods */ = {
			isa = PBXGroup;
			children = (
				FEDEFBC152E959100535FCCC /* Pods-Startup Weekend.debug.xcconfig */,
				FD0EDEDAA0F40B752981E039 /* Pods-Startup Weekend.release.xcconfig */,
				26B78FA5E4C7A4D772803A5F /* Pods-Startup WeekendTests.debug.xcconfig */,
				D5627B7BC542C26D022C60DB /* Pods-Startup WeekendTests.release.xcconfig */,
				765B25FC61930F33CBB898A0 /* Pods-Startup WeekendUITests.debug.xcconfig */,
				74A5AFE18C4043E730EC0C43 /* Pods-Startup WeekendUITests.release.xcconfig */,
			);
			name = Pods;
			sourceTree = "<group>";
		};
		992286CA1F9B7B4400F3C50E = {
			isa = PBXGroup;
			children = (
				992287041F9C0CE200F3C50E /* three.png */,
				992287051F9C1BC000F3C50E /* Awesome.png */,
				9978209D1F9F905D000A303F /* Next.png */,
				99AB4C451F9C2FF500365AFA /* Blue.png */,
				99AB4C471F9C34DF00365AFA /* cloud.png */,
				99AB4C4B1F9CD70B00365AFA /* handshake copy.png */,
				992286D51F9B7B4400F3C50E /* Startup Weekend */,
				992286EA1F9B7B4400F3C50E /* Startup WeekendTests */,
				992286F51F9B7B4400F3C50E /* Startup WeekendUITests */,
				992286D41F9B7B4400F3C50E /* Products */,
				37CF6A4500687832A06F3755 /* Pods */,
				D698B98C9980CF79162DBBE3 /* Frameworks */,
			);
			sourceTree = "<group>";
		};
		992286D41F9B7B4400F3C50E /* Products */ = {
			isa = PBXGroup;
			children = (
				992286D31F9B7B4400F3C50E /* Startup Weekend.app */,
				992286E71F9B7B4400F3C50E /* Startup WeekendTests.xctest */,
				992286F21F9B7B4400F3C50E /* Startup WeekendUITests.xctest */,
			);
			name = Products;
			sourceTree = "<group>";
		};
		992286D51F9B7B4400F3C50E /* Startup Weekend */ = {
			isa = PBXGroup;
			children = (
				992286D61F9B7B4400F3C50E /* AppDelegate.swift */,
				992286D81F9B7B4400F3C50E /* ViewController.swift */,
				992286DA1F9B7B4400F3C50E /* Main.storyboard */,
				9947C1D51FA4D54F00673797 /* History.swift */,
				996D4DBE1F9E40CD0052CE7D /* Lending.swift */,
				992286DD1F9B7B4400F3C50E /* Assets.xcassets */,
				992286DF1F9B7B4400F3C50E /* LaunchScreen.storyboard */,
				992286E21F9B7B4400F3C50E /* Info.plist */,
			);
			path = "Startup Weekend";
			sourceTree = "<group>";
		};
		992286EA1F9B7B4400F3C50E /* Startup WeekendTests */ = {
			isa = PBXGroup;
			children = (
				992286EB1F9B7B4400F3C50E /* Startup_WeekendTests.swift */,
				992286ED1F9B7B4400F3C50E /* Info.plist */,
			);
			path = "Startup WeekendTests";
			sourceTree = "<group>";
		};
		992286F51F9B7B4400F3C50E /* Startup WeekendUITests */ = {
			isa = PBXGroup;
			children = (
				992286F61F9B7B4400F3C50E /* Startup_WeekendUITests.swift */,
				992286F81F9B7B4400F3C50E /* Info.plist */,
			);
			path = "Startup WeekendUITests";
			sourceTree = "<group>";
		};
		D698B98C9980CF79162DBBE3 /* Frameworks */ = {
			isa = PBXGroup;
			children = (
				D4AFE151FF738A45CC01A1A8 /* Pods_Startup_Weekend.framework */,
				F6321E405BEC11529BD520CA /* Pods_Startup_WeekendTests.framework */,
				0AAE1AB6726C352937140B89 /* Pods_Startup_WeekendUITests.framework */,
			);
			name = Frameworks;
			sourceTree = "<group>";
		};
/* End PBXGroup section */

/* Begin PBXNativeTarget section */
		992286D21F9B7B4400F3C50E /* Startup Weekend */ = {
			isa = PBXNativeTarget;
			buildConfigurationList = 992286FB1F9B7B4400F3C50E /* Build configuration list for PBXNativeTarget "Startup Weekend" */;
			buildPhases = (
				7358C0F08BD20A65395F0939 /* [CP] Check Pods Manifest.lock */,
				992286CF1F9B7B4400F3C50E /* Sources */,
				992286D01F9B7B4400F3C50E /* Frameworks */,
				992286D11F9B7B4400F3C50E /* Resources */,
				CCBF35432C2328D7791FEE9E /* [CP] Embed Pods Frameworks */,
				9D93D3F54231A448FE8E0DB9 /* [CP] Copy Pods Resources */,
			);
			buildRules = (
			);
			dependencies = (
			);
			name = "Startup Weekend";
			productName = "Startup Weekend";
			productReference = 992286D31F9B7B4400F3C50E /* Startup Weekend.app */;
			productType = "com.apple.product-type.application";
		};
		992286E61F9B7B4400F3C50E /* Startup WeekendTests */ = {
			isa = PBXNativeTarget;
			buildConfigurationList = 992286FE1F9B7B4400F3C50E /* Build configuration list for PBXNativeTarget "Startup WeekendTests" */;
			buildPhases = (
				628585E188646463777D24FF /* [CP] Check Pods Manifest.lock */,
				992286E31F9B7B4400F3C50E /* Sources */,
				992286E41F9B7B4400F3C50E /* Frameworks */,
				992286E51F9B7B4400F3C50E /* Resources */,
				08C8CB3FFD68FB5DE2090F73 /* [CP] Embed Pods Frameworks */,
				45FAC455104BDF0C0C626394 /* [CP] Copy Pods Resources */,
			);
			buildRules = (
			);
			dependencies = (
				992286E91F9B7B4400F3C50E /* PBXTargetDependency */,
			);
			name = "Startup WeekendTests";
			productName = "Startup WeekendTests";
			productReference = 992286E71F9B7B4400F3C50E /* Startup WeekendTests.xctest */;
			productType = "com.apple.product-type.bundle.unit-test";
		};
		992286F11F9B7B4400F3C50E /* Startup WeekendUITests */ = {
			isa = PBXNativeTarget;
			buildConfigurationList = 992287011F9B7B4400F3C50E /* Build configuration list for PBXNativeTarget "Startup WeekendUITests" */;
			buildPhases = (
				230EB2ECD65F067C4164C8E1 /* [CP] Check Pods Manifest.lock */,
				992286EE1F9B7B4400F3C50E /* Sources */,
				992286EF1F9B7B4400F3C50E /* Frameworks */,
				992286F01F9B7B4400F3C50E /* Resources */,
				0A625FB872E9304566307F8B /* [CP] Embed Pods Frameworks */,
				E292CCEF079F96A9B7FAFB8F /* [CP] Copy Pods Resources */,
			);
			buildRules = (
			);
			dependencies = (
				992286F41F9B7B4400F3C50E /* PBXTargetDependency */,
			);
			name = "Startup WeekendUITests";
			productName = "Startup WeekendUITests";
			productReference = 992286F21F9B7B4400F3C50E /* Startup WeekendUITests.xctest */;
			productType = "com.apple.product-type.bundle.ui-testing";
		};
/* End PBXNativeTarget section */

/* Begin PBXProject section */
		992286CB1F9B7B4400F3C50E /* Project object */ = {
			isa = PBXProject;
			attributes = {
				LastSwiftUpdateCheck = 0900;
				LastUpgradeCheck = 0900;
				ORGANIZATIONNAME = "Acceleration Apps";
				TargetAttributes = {
					992286D21F9B7B4400F3C50E = {
						CreatedOnToolsVersion = 9.0;
						ProvisioningStyle = Automatic;
					};
					992286E61F9B7B4400F3C50E = {
						CreatedOnToolsVersion = 9.0;
						ProvisioningStyle = Automatic;
						TestTargetID = 992286D21F9B7B4400F3C50E;
					};
					992286F11F9B7B4400F3C50E = {
						CreatedOnToolsVersion = 9.0;
						ProvisioningStyle = Automatic;
						TestTargetID = 992286D21F9B7B4400F3C50E;
					};
				};
			};
			buildConfigurationList = 992286CE1F9B7B4400F3C50E /* Build configuration list for PBXProject "Startup Weekend" */;
			compatibilityVersion = "Xcode 8.0";
			developmentRegion = en;
			hasScannedForEncodings = 0;
			knownRegions = (
				en,
				Base,
			);
			mainGroup = 992286CA1F9B7B4400F3C50E;
			productRefGroup = 992286D41F9B7B4400F3C50E /* Products */;
			projectDirPath = "";
			projectRoot = "";
			targets = (
				992286D21F9B7B4400F3C50E /* Startup Weekend */,
				992286E61F9B7B4400F3C50E /* Startup WeekendTests */,
				992286F11F9B7B4400F3C50E /* Startup WeekendUITests */,
			);
		};
/* End PBXProject section */

/* Begin PBXResourcesBuildPhase section */
		992286D11F9B7B4400F3C50E /* Resources */ = {
			isa = PBXResourcesBuildPhase;
			buildActionMask = 2147483647;
			files = (
				99AB4C4C1F9CD71200365AFA /* handshake copy.png in Resources */,
				99AB4C481F9C34E500365AFA /* cloud.png in Resources */,
				9978209E1F9F905D000A303F /* Next.png in Resources */,
				99AB4C461F9C2FFB00365AFA /* Blue.png in Resources */,
				99AB4C401F9C20F300365AFA /* three.png in Resources */,
				99AB4C411F9C20F300365AFA /* Awesome.png in Resources */,
				992286E11F9B7B4400F3C50E /* LaunchScreen.storyboard in Resources */,
				992286DE1F9B7B4400F3C50E /* Assets.xcassets in Resources */,
				992286DC1F9B7B4400F3C50E /* Main.storyboard in Resources */,
			);
			runOnlyForDeploymentPostprocessing = 0;
		};
		992286E51F9B7B4400F3C50E /* Resources */ = {
			isa = PBXResourcesBuildPhase;
			buildActionMask = 2147483647;
			files = (
			);
			runOnlyForDeploymentPostprocessing = 0;
		};
		992286F01F9B7B4400F3C50E /* Resources */ = {
			isa = PBXResourcesBuildPhase;
			buildActionMask = 2147483647;
			files = (
			);
			runOnlyForDeploymentPostprocessing = 0;
		};
/* End PBXResourcesBuildPhase section */

/* Begin PBXShellScriptBuildPhase section */
		08C8CB3FFD68FB5DE2090F73 /* [CP] Embed Pods Frameworks */ = {
			isa = PBXShellScriptBuildPhase;
			buildActionMask = 2147483647;
			files = (
			);
			inputPaths = (
			);
			name = "[CP] Embed Pods Frameworks";
			outputPaths = (
			);
			runOnlyForDeploymentPostprocessing = 0;
			shellPath = /bin/sh;
			shellScript = "\"${SRCROOT}/Pods/Target Support Files/Pods-Startup WeekendTests/Pods-Startup WeekendTests-frameworks.sh\"\n";
			showEnvVarsInLog = 0;
		};
		0A625FB872E9304566307F8B /* [CP] Embed Pods Frameworks */ = {
			isa = PBXShellScriptBuildPhase;
			buildActionMask = 2147483647;
			files = (
			);
			inputPaths = (
			);
			name = "[CP] Embed Pods Frameworks";
			outputPaths = (
			);
			runOnlyForDeploymentPostprocessing = 0;
			shellPath = /bin/sh;
			shellScript = "\"${SRCROOT}/Pods/Target Support Files/Pods-Startup WeekendUITests/Pods-Startup WeekendUITests-frameworks.sh\"\n";
			showEnvVarsInLog = 0;
		};
		230EB2ECD65F067C4164C8E1 /* [CP] Check Pods Manifest.lock */ = {
			isa = PBXShellScriptBuildPhase;
			buildActionMask = 2147483647;
			files = (
			);
			inputPaths = (
				"${PODS_PODFILE_DIR_PATH}/Podfile.lock",
				"${PODS_ROOT}/Manifest.lock",
			);
			name = "[CP] Check Pods Manifest.lock";
			outputPaths = (
				"$(DERIVED_FILE_DIR)/Pods-Startup WeekendUITests-checkManifestLockResult.txt",
			);
			runOnlyForDeploymentPostprocessing = 0;
			shellPath = /bin/sh;
			shellScript = "diff \"${PODS_PODFILE_DIR_PATH}/Podfile.lock\" \"${PODS_ROOT}/Manifest.lock\" > /dev/null\nif [ $? != 0 ] ; then\n    # print error to STDERR\n    echo \"error: The sandbox is not in sync with the Podfile.lock. Run 'pod install' or update your CocoaPods installation.\" >&2\n    exit 1\nfi\n# This output is used by Xcode 'outputs' to avoid re-running this script phase.\necho \"SUCCESS\" > \"${SCRIPT_OUTPUT_FILE_0}\"\n";
			showEnvVarsInLog = 0;
		};
		45FAC455104BDF0C0C626394 /* [CP] Copy Pods Resources */ = {
			isa = PBXShellScriptBuildPhase;
			buildActionMask = 2147483647;
			files = (
			);
			inputPaths = (
			);
			name = "[CP] Copy Pods Resources";
			outputPaths = (
			);
			runOnlyForDeploymentPostprocessing = 0;
			shellPath = /bin/sh;
			shellScript = "\"${SRCROOT}/Pods/Target Support Files/Pods-Startup WeekendTests/Pods-Startup WeekendTests-resources.sh\"\n";
			showEnvVarsInLog = 0;
		};
		628585E188646463777D24FF /* [CP] Check Pods Manifest.lock */ = {
			isa = PBXShellScriptBuildPhase;
			buildActionMask = 2147483647;
			files = (
			);
			inputPaths = (
				"${PODS_PODFILE_DIR_PATH}/Podfile.lock",
				"${PODS_ROOT}/Manifest.lock",
			);
			name = "[CP] Check Pods Manifest.lock";
			outputPaths = (
				"$(DERIVED_FILE_DIR)/Pods-Startup WeekendTests-checkManifestLockResult.txt",
			);
			runOnlyForDeploymentPostprocessing = 0;
			shellPath = /bin/sh;
			shellScript = "diff \"${PODS_PODFILE_DIR_PATH}/Podfile.lock\" \"${PODS_ROOT}/Manifest.lock\" > /dev/null\nif [ $? != 0 ] ; then\n    # print error to STDERR\n    echo \"error: The sandbox is not in sync with the Podfile.lock. Run 'pod install' or update your CocoaPods installation.\" >&2\n    exit 1\nfi\n# This output is used by Xcode 'outputs' to avoid re-running this script phase.\necho \"SUCCESS\" > \"${SCRIPT_OUTPUT_FILE_0}\"\n";
			showEnvVarsInLog = 0;
		};
		7358C0F08BD20A65395F0939 /* [CP] Check Pods Manifest.lock */ = {
			isa = PBXShellScriptBuildPhase;
			buildActionMask = 2147483647;
			files = (
			);
			inputPaths = (
				"${PODS_PODFILE_DIR_PATH}/Podfile.lock",
				"${PODS_ROOT}/Manifest.lock",
			);
			name = "[CP] Check Pods Manifest.lock";
			outputPaths = (
				"$(DERIVED_FILE_DIR)/Pods-Startup Weekend-checkManifestLockResult.txt",
			);
			runOnlyForDeploymentPostprocessing = 0;
			shellPath = /bin/sh;
			shellScript = "diff \"${PODS_PODFILE_DIR_PATH}/Podfile.lock\" \"${PODS_ROOT}/Manifest.lock\" > /dev/null\nif [ $? != 0 ] ; then\n    # print error to STDERR\n    echo \"error: The sandbox is not in sync with the Podfile.lock. Run 'pod install' or update your CocoaPods installation.\" >&2\n    exit 1\nfi\n# This output is used by Xcode 'outputs' to avoid re-running this script phase.\necho \"SUCCESS\" > \"${SCRIPT_OUTPUT_FILE_0}\"\n";
			showEnvVarsInLog = 0;
		};
		9D93D3F54231A448FE8E0DB9 /* [CP] Copy Pods Resources */ = {
			isa = PBXShellScriptBuildPhase;
			buildActionMask = 2147483647;
			files = (
			);
			inputPaths = (
			);
			name = "[CP] Copy Pods Resources";
			outputPaths = (
			);
			runOnlyForDeploymentPostprocessing = 0;
			shellPath = /bin/sh;
			shellScript = "\"${SRCROOT}/Pods/Target Support Files/Pods-Startup Weekend/Pods-Startup Weekend-resources.sh\"\n";
			showEnvVarsInLog = 0;
		};
		CCBF35432C2328D7791FEE9E /* [CP] Embed Pods Frameworks */ = {
			isa = PBXShellScriptBuildPhase;
			buildActionMask = 2147483647;
			files = (
			);
			inputPaths = (
				"${SRCROOT}/Pods/Target Support Files/Pods-Startup Weekend/Pods-Startup Weekend-frameworks.sh",
				"${BUILT_PRODUCTS_DIR}/SideMenu/SideMenu.framework",
			);
			name = "[CP] Embed Pods Frameworks";
			outputPaths = (
				"${TARGET_BUILD_DIR}/${FRAMEWORKS_FOLDER_PATH}/SideMenu.framework",
			);
			runOnlyForDeploymentPostprocessing = 0;
			shellPath = /bin/sh;
			shellScript = "\"${SRCROOT}/Pods/Target Support Files/Pods-Startup Weekend/Pods-Startup Weekend-frameworks.sh\"\n";
			showEnvVarsInLog = 0;
		};
		E292CCEF079F96A9B7FAFB8F /* [CP] Copy Pods Resources */ = {
			isa = PBXShellScriptBuildPhase;
			buildActionMask = 2147483647;
			files = (
			);
			inputPaths = (
			);
			name = "[CP] Copy Pods Resources";
			outputPaths = (
			);
			runOnlyForDeploymentPostprocessing = 0;
			shellPath = /bin/sh;
			shellScript = "\"${SRCROOT}/Pods/Target Support Files/Pods-Startup WeekendUITests/Pods-Startup WeekendUITests-resources.sh\"\n";
			showEnvVarsInLog = 0;
		};
/* End PBXShellScriptBuildPhase section */

/* Begin PBXSourcesBuildPhase section */
		992286CF1F9B7B4400F3C50E /* Sources */ = {
			isa = PBXSourcesBuildPhase;
			buildActionMask = 2147483647;
			files = (
				996D4DBF1F9E40CD0052CE7D /* Lending.swift in Sources */,
				992286D91F9B7B4400F3C50E /* ViewController.swift in Sources */,
				9947C1D61FA4D54F00673797 /* History.swift in Sources */,
				992286D71F9B7B4400F3C50E /* AppDelegate.swift in Sources */,
			);
			runOnlyForDeploymentPostprocessing = 0;
		};
		992286E31F9B7B4400F3C50E /* Sources */ = {
			isa = PBXSourcesBuildPhase;
			buildActionMask = 2147483647;
			files = (
				992286EC1F9B7B4400F3C50E /* Startup_WeekendTests.swift in Sources */,
			);
			runOnlyForDeploymentPostprocessing = 0;
		};
		992286EE1F9B7B4400F3C50E /* Sources */ = {
			isa = PBXSourcesBuildPhase;
			buildActionMask = 2147483647;
			files = (
				992286F71F9B7B4400F3C50E /* Startup_WeekendUITests.swift in Sources */,
			);
			runOnlyForDeploymentPostprocessing = 0;
		};
/* End PBXSourcesBuildPhase section */

/* Begin PBXTargetDependency section */
		992286E91F9B7B4400F3C50E /* PBXTargetDependency */ = {
			isa = PBXTargetDependency;
			target = 992286D21F9B7B4400F3C50E /* Startup Weekend */;
			targetProxy = 992286E81F9B7B4400F3C50E /* PBXContainerItemProxy */;
		};
		992286F41F9B7B4400F3C50E /* PBXTargetDependency */ = {
			isa = PBXTargetDependency;
			target = 992286D21F9B7B4400F3C50E /* Startup Weekend */;
			targetProxy = 992286F31F9B7B4400F3C50E /* PBXContainerItemProxy */;
		};
/* End PBXTargetDependency section */

/* Begin PBXVariantGroup section */
		992286DA1F9B7B4400F3C50E /* Main.storyboard */ = {
			isa = PBXVariantGroup;
			children = (
				992286DB1F9B7B4400F3C50E /* Base */,
			);
			name = Main.storyboard;
			sourceTree = "<group>";
		};
		992286DF1F9B7B4400F3C50E /* LaunchScreen.storyboard */ = {
			isa = PBXVariantGroup;
			children = (
				992286E01F9B7B4400F3C50E /* Base */,
			);
			name = LaunchScreen.storyboard;
			sourceTree = "<group>";
		};
/* End PBXVariantGroup section */

/* Begin XCBuildConfiguration section */
		992286F91F9B7B4400F3C50E /* Debug */ = {
			isa = XCBuildConfiguration;
			buildSettings = {
				ALWAYS_SEARCH_USER_PATHS = NO;
				CLANG_ANALYZER_NONNULL = YES;
				CLANG_ANALYZER_NUMBER_OBJECT_CONVERSION = YES_AGGRESSIVE;
				CLANG_CXX_LANGUAGE_STANDARD = "gnu++14";
				CLANG_CXX_LIBRARY = "libc++";
				CLANG_ENABLE_MODULES = YES;
				CLANG_ENABLE_OBJC_ARC = YES;
				CLANG_WARN_BLOCK_CAPTURE_AUTORELEASING = YES;
				CLANG_WARN_BOOL_CONVERSION = YES;
				CLANG_WARN_COMMA = YES;
				CLANG_WARN_CONSTANT_CONVERSION = YES;
				CLANG_WARN_DIRECT_OBJC_ISA_USAGE = YES_ERROR;
				CLANG_WARN_DOCUMENTATION_COMMENTS = YES;
				CLANG_WARN_EMPTY_BODY = YES;
				CLANG_WARN_ENUM_CONVERSION = YES;
				CLANG_WARN_INFINITE_RECURSION = YES;
				CLANG_WARN_INT_CONVERSION = YES;
				CLANG_WARN_NON_LITERAL_NULL_CONVERSION = YES;
				CLANG_WARN_OBJC_LITERAL_CONVERSION = YES;
				CLANG_WARN_OBJC_ROOT_CLASS = YES_ERROR;
				CLANG_WARN_RANGE_LOOP_ANALYSIS = YES;
				CLANG_WARN_STRICT_PROTOTYPES = YES;
				CLANG_WARN_SUSPICIOUS_MOVE = YES;
				CLANG_WARN_UNGUARDED_AVAILABILITY = YES_AGGRESSIVE;
				CLANG_WARN_UNREACHABLE_CODE = YES;
				CLANG_WARN__DUPLICATE_METHOD_MATCH = YES;
				CODE_SIGN_IDENTITY = "iPhone Developer";
				COPY_PHASE_STRIP = NO;
				DEBUG_INFORMATION_FORMAT = dwarf;
				ENABLE_STRICT_OBJC_MSGSEND = YES;
				ENABLE_TESTABILITY = YES;
				GCC_C_LANGUAGE_STANDARD = gnu11;
				GCC_DYNAMIC_NO_PIC = NO;
				GCC_NO_COMMON_BLOCKS = YES;
				GCC_OPTIMIZATION_LEVEL = 0;
				GCC_PREPROCESSOR_DEFINITIONS = (
					"DEBUG=1",
					"$(inherited)",
				);
				GCC_WARN_64_TO_32_BIT_CONVERSION = YES;
				GCC_WARN_ABOUT_RETURN_TYPE = YES_ERROR;
				GCC_WARN_UNDECLARED_SELECTOR = YES;
				GCC_WARN_UNINITIALIZED_AUTOS = YES_AGGRESSIVE;
				GCC_WARN_UNUSED_FUNCTION = YES;
				GCC_WARN_UNUSED_VARIABLE = YES;
				IPHONEOS_DEPLOYMENT_TARGET = 11.0;
				MTL_ENABLE_DEBUG_INFO = YES;
				ONLY_ACTIVE_ARCH = YES;
				SDKROOT = iphoneos;
				SWIFT_ACTIVE_COMPILATION_CONDITIONS = DEBUG;
				SWIFT_OPTIMIZATION_LEVEL = "-Onone";
			};
			name = Debug;
		};
		992286FA1F9B7B4400F3C50E /* Release */ = {
			isa = XCBuildConfiguration;
			buildSettings = {
				ALWAYS_SEARCH_USER_PATHS = NO;
				CLANG_ANALYZER_NONNULL = YES;
				CLANG_ANALYZER_NUMBER_OBJECT_CONVERSION = YES_AGGRESSIVE;
				CLANG_CXX_LANGUAGE_STANDARD = "gnu++14";
				CLANG_CXX_LIBRARY = "libc++";
				CLANG_ENABLE_MODULES = YES;
				CLANG_ENABLE_OBJC_ARC = YES;
				CLANG_WARN_BLOCK_CAPTURE_AUTORELEASING = YES;
				CLANG_WARN_BOOL_CONVERSION = YES;
				CLANG_WARN_COMMA = YES;
				CLANG_WARN_CONSTANT_CONVERSION = YES;
				CLANG_WARN_DIRECT_OBJC_ISA_USAGE = YES_ERROR;
				CLANG_WARN_DOCUMENTATION_COMMENTS = YES;
				CLANG_WARN_EMPTY_BODY = YES;
				CLANG_WARN_ENUM_CONVERSION = YES;
				CLANG_WARN_INFINITE_RECURSION = YES;
				CLANG_WARN_INT_CONVERSION = YES;
				CLANG_WARN_NON_LITERAL_NULL_CONVERSION = YES;
				CLANG_WARN_OBJC_LITERAL_CONVERSION = YES;
				CLANG_WARN_OBJC_ROOT_CLASS = YES_ERROR;
				CLANG_WARN_RANGE_LOOP_ANALYSIS = YES;
				CLANG_WARN_STRICT_PROTOTYPES = YES;
				CLANG_WARN_SUSPICIOUS_MOVE = YES;
				CLANG_WARN_UNGUARDED_AVAILABILITY = YES_AGGRESSIVE;
				CLANG_WARN_UNREACHABLE_CODE = YES;
				CLANG_WARN__DUPLICATE_METHOD_MATCH = YES;
				CODE_SIGN_IDENTITY = "iPhone Developer";
				COPY_PHASE_STRIP = NO;
				DEBUG_INFORMATION_FORMAT = "dwarf-with-dsym";
				ENABLE_NS_ASSERTIONS = NO;
				ENABLE_STRICT_OBJC_MSGSEND = YES;
				GCC_C_LANGUAGE_STANDARD = gnu11;
				GCC_NO_COMMON_BLOCKS = YES;
				GCC_WARN_64_TO_32_BIT_CONVERSION = YES;
				GCC_WARN_ABOUT_RETURN_TYPE = YES_ERROR;
				GCC_WARN_UNDECLARED_SELECTOR = YES;
				GCC_WARN_UNINITIALIZED_AUTOS = YES_AGGRESSIVE;
				GCC_WARN_UNUSED_FUNCTION = YES;
				GCC_WARN_UNUSED_VARIABLE = YES;
				IPHONEOS_DEPLOYMENT_TARGET = 11.0;
				MTL_ENABLE_DEBUG_INFO = NO;
				SDKROOT = iphoneos;
				SWIFT_OPTIMIZATION_LEVEL = "-Owholemodule";
				VALIDATE_PRODUCT = YES;
			};
			name = Release;
		};
		992286FC1F9B7B4400F3C50E /* Debug */ = {
			isa = XCBuildConfiguration;
			baseConfigurationReference = FEDEFBC152E959100535FCCC /* Pods-Startup Weekend.debug.xcconfig */;
			buildSettings = {
				ASSETCATALOG_COMPILER_APPICON_NAME = AppIcon;
				CODE_SIGN_STYLE = Automatic;
				DEVELOPMENT_TEAM = MDM434QUJ5;
				INFOPLIST_FILE = "Startup Weekend/Info.plist";
				IPHONEOS_DEPLOYMENT_TARGET = 11.0;
				LD_RUNPATH_SEARCH_PATHS = "$(inherited) @executable_path/Frameworks";
				PRODUCT_BUNDLE_IDENTIFIER = "com.AccelerationApps.Startup-Weekend";
				PRODUCT_NAME = "$(TARGET_NAME)";
				SWIFT_VERSION = 4.0;
				TARGETED_DEVICE_FAMILY = "1,2";
			};
			name = Debug;
		};
		992286FD1F9B7B4400F3C50E /* Release */ = {
			isa = XCBuildConfiguration;
			baseConfigurationReference = FD0EDEDAA0F40B752981E039 /* Pods-Startup Weekend.release.xcconfig */;
			buildSettings = {
				ASSETCATALOG_COMPILER_APPICON_NAME = AppIcon;
				CODE_SIGN_STYLE = Automatic;
				DEVELOPMENT_TEAM = MDM434QUJ5;
				INFOPLIST_FILE = "Startup Weekend/Info.plist";
				IPHONEOS_DEPLOYMENT_TARGET = 11.0;
				LD_RUNPATH_SEARCH_PATHS = "$(inherited) @executable_path/Frameworks";
				PRODUCT_BUNDLE_IDENTIFIER = "com.AccelerationApps.Startup-Weekend";
				PRODUCT_NAME = "$(TARGET_NAME)";
				SWIFT_VERSION = 4.0;
				TARGETED_DEVICE_FAMILY = "1,2";
			};
			name = Release;
		};
		992286FF1F9B7B4400F3C50E /* Debug */ = {
			isa = XCBuildConfiguration;
			baseConfigurationReference = 26B78FA5E4C7A4D772803A5F /* Pods-Startup WeekendTests.debug.xcconfig */;
			buildSettings = {
				ALWAYS_EMBED_SWIFT_STANDARD_LIBRARIES = YES;
				BUNDLE_LOADER = "$(TEST_HOST)";
				CODE_SIGN_STYLE = Automatic;
				DEVELOPMENT_TEAM = MDM434QUJ5;
				INFOPLIST_FILE = "Startup WeekendTests/Info.plist";
				LD_RUNPATH_SEARCH_PATHS = "$(inherited) @executable_path/Frameworks @loader_path/Frameworks";
				PRODUCT_BUNDLE_IDENTIFIER = "com.AccelerationApps.Startup-WeekendTests";
				PRODUCT_NAME = "$(TARGET_NAME)";
				SWIFT_VERSION = 4.0;
				TARGETED_DEVICE_FAMILY = "1,2";
				TEST_HOST = "$(BUILT_PRODUCTS_DIR)/Startup Weekend.app/Startup Weekend";
			};
			name = Debug;
		};
		992287001F9B7B4400F3C50E /* Release */ = {
			isa = XCBuildConfiguration;
			baseConfigurationReference = D5627B7BC542C26D022C60DB /* Pods-Startup WeekendTests.release.xcconfig */;
			buildSettings = {
				ALWAYS_EMBED_SWIFT_STANDARD_LIBRARIES = YES;
				BUNDLE_LOADER = "$(TEST_HOST)";
				CODE_SIGN_STYLE = Automatic;
				DEVELOPMENT_TEAM = MDM434QUJ5;
				INFOPLIST_FILE = "Startup WeekendTests/Info.plist";
				LD_RUNPATH_SEARCH_PATHS = "$(inherited) @executable_path/Frameworks @loader_path/Frameworks";
				PRODUCT_BUNDLE_IDENTIFIER = "com.AccelerationApps.Startup-WeekendTests";
				PRODUCT_NAME = "$(TARGET_NAME)";
				SWIFT_VERSION = 4.0;
				TARGETED_DEVICE_FAMILY = "1,2";
				TEST_HOST = "$(BUILT_PRODUCTS_DIR)/Startup Weekend.app/Startup Weekend";
			};
			name = Release;
		};
		992287021F9B7B4400F3C50E /* Debug */ = {
			isa = XCBuildConfiguration;
			baseConfigurationReference = 765B25FC61930F33CBB898A0 /* Pods-Startup WeekendUITests.debug.xcconfig */;
			buildSettings = {
				ALWAYS_EMBED_SWIFT_STANDARD_LIBRARIES = YES;
				CODE_SIGN_STYLE = Automatic;
				DEVELOPMENT_TEAM = MDM434QUJ5;
				INFOPLIST_FILE = "Startup WeekendUITests/Info.plist";
				LD_RUNPATH_SEARCH_PATHS = "$(inherited) @executable_path/Frameworks @loader_path/Frameworks";
				PRODUCT_BUNDLE_IDENTIFIER = "com.AccelerationApps.Startup-WeekendUITests";
				PRODUCT_NAME = "$(TARGET_NAME)";
				SWIFT_VERSION = 4.0;
				TARGETED_DEVICE_FAMILY = "1,2";
				TEST_TARGET_NAME = "Startup Weekend";
			};
			name = Debug;
		};
		992287031F9B7B4400F3C50E /* Release */ = {
			isa = XCBuildConfiguration;
			baseConfigurationReference = 74A5AFE18C4043E730EC0C43 /* Pods-Startup WeekendUITests.release.xcconfig */;
			buildSettings = {
				ALWAYS_EMBED_SWIFT_STANDARD_LIBRARIES = YES;
				CODE_SIGN_STYLE = Automatic;
				DEVELOPMENT_TEAM = MDM434QUJ5;
				INFOPLIST_FILE = "Startup WeekendUITests/Info.plist";
				LD_RUNPATH_SEARCH_PATHS = "$(inherited) @executable_path/Frameworks @loader_path/Frameworks";
				PRODUCT_BUNDLE_IDENTIFIER = "com.AccelerationApps.Startup-WeekendUITests";
				PRODUCT_NAME = "$(TARGET_NAME)";
				SWIFT_VERSION = 4.0;
				TARGETED_DEVICE_FAMILY = "1,2";
				TEST_TARGET_NAME = "Startup Weekend";
			};
			name = Release;
		};
/* End XCBuildConfiguration section */

/* Begin XCConfigurationList section */
		992286CE1F9B7B4400F3C50E /* Build configuration list for PBXProject "Startup Weekend" */ = {
			isa = XCConfigurationList;
			buildConfigurations = (
				992286F91F9B7B4400F3C50E /* Debug */,
				992286FA1F9B7B4400F3C50E /* Release */,
			);
			defaultConfigurationIsVisible = 0;
			defaultConfigurationName = Release;
		};
		992286FB1F9B7B4400F3C50E /* Build configuration list for PBXNativeTarget "Startup Weekend" */ = {
			isa = XCConfigurationList;
			buildConfigurations = (
				992286FC1F9B7B4400F3C50E /* Debug */,
				992286FD1F9B7B4400F3C50E /* Release */,
			);
			defaultConfigurationIsVisible = 0;
			defaultConfigurationName = Release;
		};
		992286FE1F9B7B4400F3C50E /* Build configuration list for PBXNativeTarget "Startup WeekendTests" */ = {
			isa = XCConfigurationList;
			buildConfigurations = (
				992286FF1F9B7B4400F3C50E /* Debug */,
				992287001F9B7B4400F3C50E /* Release */,
			);
			defaultConfigurationIsVisible = 0;
			defaultConfigurationName = Release;
		};
		992287011F9B7B4400F3C50E /* Build configuration list for PBXNativeTarget "Startup WeekendUITests" */ = {
			isa = XCConfigurationList;
			buildConfigurations = (
				992287021F9B7B4400F3C50E /* Debug */,
				992287031F9B7B4400F3C50E /* Release */,
			);
			defaultConfigurationIsVisible = 0;
			defaultConfigurationName = Release;
		};
/* End XCConfigurationList section */
	};
	rootObject = 992286CB1F9B7B4400F3C50E /* Project object */;
}
